
Microsoft Visual Studio Solution File, Format Version 12.00
# Visual Studio Version 17
VisualStudioVersion = 17.3.32811.315
MinimumVisualStudioVersion = 10.0.40219.1
Project("{FAE04EC0-301F-11D3-BF4B-00C04F79EFBC}") = "HelloWorld", "HelloWorld.csproj", "{AFFA1BFA-3ADE-4813-89D3-3C65C3700B76}"
EndProject
Global
	GlobalSection(SolutionConfigurationPlatforms) = preSolution
		Debug|Any CPU = Debug|Any CPU
		Release|Any CPU = Release|Any CPU
	EndGlobalSection
	GlobalSection(ProjectConfigurationPlatforms) = postSolution
		{AFFA1BFA-3ADE-4813-89D3-3C65C3700B76}.Debug|Any CPU.ActiveCfg = Debug|Any CPU
		{AFFA1BFA-3ADE-4813-89D3-3C65C3700B76}.Debug|Any CPU.Build.0 = Debug|Any CPU
		{AFFA1BFA-3ADE-4813-89D3-3C65C3700B76}.Release|Any CPU.ActiveCfg = Release|Any CPU
		{AFFA1BFA-3ADE-4813-89D3-3C65C3700B76}.Release|Any CPU.Build.0 = Release|Any CPU
	EndGlobalSection
	GlobalSection(SolutionProperties) = preSolution
		HideSolutionNode = FALSE
	EndGlobalSection
	GlobalSection(ExtensibilityGlobals) = postSolution
		SolutionGuid = {EEE3A388-D468-4789-9E2F-237376B9A790}
	EndGlobalSection
EndGlobal
