
Microsoft Visual Studio Solution File, Format Version 12.00
# Visual Studio Version 17
VisualStudioVersion = 17.3.32811.315
MinimumVisualStudioVersion = 10.0.40219.1
Project("{F184B08F-C81C-45F6-A57F-5ABD9991F28F}") = "ConsoleVB", "ConsoleVB.vbproj", "{336DE089-98B5-4914-A346-AEEE281CA29D}"
EndProject
Global
	GlobalSection(SolutionConfigurationPlatforms) = preSolution
		Debug|Any CPU = Debug|Any CPU
		Release|Any CPU = Release|Any CPU
	EndGlobalSection
	GlobalSection(ProjectConfigurationPlatforms) = postSolution
		{336DE089-98B5-4914-A346-AEEE281CA29D}.Debug|Any CPU.ActiveCfg = Debug|Any CPU
		{336DE089-98B5-4914-A346-AEEE281CA29D}.Debug|Any CPU.Build.0 = Debug|Any CPU
		{336DE089-98B5-4914-A346-AEEE281CA29D}.Release|Any CPU.ActiveCfg = Release|Any CPU
		{336DE089-98B5-4914-A346-AEEE281CA29D}.Release|Any CPU.Build.0 = Release|Any CPU
	EndGlobalSection
	GlobalSection(SolutionProperties) = preSolution
		HideSolutionNode = FALSE
	EndGlobalSection
	GlobalSection(ExtensibilityGlobals) = postSolution
		SolutionGuid = {4C80DA5B-48E8-4699-A0C3-F4FD8A8C00CB}
	EndGlobalSection
EndGlobal
